
Microsoft Visual Studio Solution File, Format Version 12.00
# Visual Studio Version 17
VisualStudioVersion = 17.8.34316.72
MinimumVisualStudioVersion = 10.0.40219.1
Project("{FAE04EC0-301F-11D3-BF4B-00C04F79EFBC}") = "Testes4", "Testes4.csproj", "{DD2575AA-04A9-45A8-B63C-9F9308EA435F}"
EndProject
Global
	GlobalSection(SolutionConfigurationPlatforms) = preSolution
		Debug|Any CPU = Debug|Any CPU
		Release|Any CPU = Release|Any CPU
	EndGlobalSection
	GlobalSection(ProjectConfigurationPlatforms) = postSolution
		{DD2575AA-04A9-45A8-B63C-9F9308EA435F}.Debug|Any CPU.ActiveCfg = Debug|Any CPU
		{DD2575AA-04A9-45A8-B63C-9F9308EA435F}.Debug|Any CPU.Build.0 = Debug|Any CPU
		{DD2575AA-04A9-45A8-B63C-9F9308EA435F}.Release|Any CPU.ActiveCfg = Release|Any CPU
		{DD2575AA-04A9-45A8-B63C-9F9308EA435F}.Release|Any CPU.Build.0 = Release|Any CPU
	EndGlobalSection
	GlobalSection(SolutionProperties) = preSolution
		HideSolutionNode = FALSE
	EndGlobalSection
	GlobalSection(ExtensibilityGlobals) = postSolution
		SolutionGuid = {5E037706-2FD4-46C4-BEB2-D3E07A4F47F1}
	EndGlobalSection
EndGlobal
